{
  "version": 4,
  "terraform_version": "1.10.5",
  "serial": 334,
  "lineage": "8ee56e2c-6feb-5878-62d9-ca3dfb99be3f",
  "outputs": {},
  "resources": [
    {
      "module": "module.application",
      "mode": "managed",
      "type": "aws_cloudfront_distribution",
      "name": "website",
      "provider": "provider[\"registry.terraform.io/hashicorp/aws\"]",
      "instances": [
        {
          "schema_version": 1,
          "attributes": {
            "aliases": [
              "dev.solhealth.co"
            ],
            "arn": "arn:aws:cloudfront::762233746762:distribution/E1OLY2AEVF3TA0",
            "caller_reference": "terraform-20250211154248428500000002",
            "comment": "",
            "continuous_deployment_policy_id": "",
            "custom_error_response": [
              {
                "error_caching_min_ttl": 10,
                "error_code": 403,
                "response_code": 200,
                "response_page_path": "/"
              },
              {
                "error_caching_min_ttl": 10,
                "error_code": 404,
                "response_code": 200,
                "response_page_path": "/"
              }
            ],
            "default_cache_behavior": [
              {
                "allowed_methods": [
                  "GET",
                  "HEAD"
                ],
                "cache_policy_id": "658327ea-f89d-4fab-a63d-7e88639e58f6",
                "cached_methods": [
                  "GET",
                  "HEAD"
                ],
                "compress": false,
                "default_ttl": 0,
                "field_level_encryption_id": "",
                "forwarded_values": [],
                "function_association": [],
                "grpc_config": [
                  {
                    "enabled": false
                  }
                ],
                "lambda_function_association": [],
                "max_ttl": 0,
                "min_ttl": 0,
                "origin_request_policy_id": "88a5eaf4-2fd4-4709-b370-b4c650ea3fcf",
                "realtime_log_config_arn": "",
                "response_headers_policy_id": "",
                "smooth_streaming": false,
                "target_origin_id": "dev.solhealth.co",
                "trusted_key_groups": [],
                "trusted_signers": [],
                "viewer_protocol_policy": "redirect-to-https"
              }
            ],
            "default_root_object": "index.html",
            "domain_name": "d3m8e92medj20a.cloudfront.net",
            "enabled": true,
            "etag": "ENV2F3LCEVTL3",
            "hosted_zone_id": "Z2FDTNDATAQYW2",
            "http_version": "http2",
            "id": "E1OLY2AEVF3TA0",
            "in_progress_validation_batches": 0,
            "is_ipv6_enabled": true,
            "last_modified_time": "2025-03-13 11:45:55.681 +0000 UTC",
            "logging_config": [
              {
                "bucket": "solhealth-log-bucket-logs-bacjpua.s3.amazonaws.com",
                "include_cookies": false,
                "prefix": "cloudfront_website"
              }
            ],
            "ordered_cache_behavior": [],
            "origin": [
              {
                "connection_attempts": 3,
                "connection_timeout": 10,
                "custom_header": [],
                "custom_origin_config": [],
                "domain_name": "dev.solhealth.co.s3.us-east-1.amazonaws.com",
                "origin_access_control_id": "",
                "origin_id": "dev.solhealth.co",
                "origin_path": "",
                "origin_shield": [],
                "s3_origin_config": [
                  {
                    "origin_access_identity": "origin-access-identity/cloudfront/E24SFFPODY7UO2"
                  }
                ],
                "vpc_origin_config": []
              }
            ],
            "origin_group": [],
            "price_class": "PriceClass_100",
            "restrictions": [
              {
                "geo_restriction": [
                  {
                    "locations": [],
                    "restriction_type": "none"
                  }
                ]
              }
            ],
            "retain_on_delete": false,
            "staging": false,
            "status": "Deployed",
            "tags": {
              "Application": "solhealth",
              "Environment": "dev",
              "Name": "solhealth-website",
              "Owner": "Terraform"
            },
            "tags_all": {
              "Application": "solhealth",
              "Environment": "dev",
              "Name": "solhealth-website",
              "Owner": "Terraform"
            },
            "trusted_key_groups": [
              {
                "enabled": false,
                "items": []
              }
            ],
            "trusted_signers": [
              {
                "enabled": false,
                "items": []
              }
            ],
            "viewer_certificate": [
              {
                "acm_certificate_arn": "arn:aws:acm:us-east-1:762233746762:certificate/4895cfd1-b973-4c95-96d7-c470ce87d62f",
                "cloudfront_default_certificate": false,
                "iam_certificate_id": "",
                "minimum_protocol_version": "TLSv1.2_2021",
                "ssl_support_method": "sni-only"
              }
            ],
            "wait_for_deployment": true,
            "web_acl_id": ""
          },
          "sensitive_attributes": [],
          "private": "eyJzY2hlbWFfdmVyc2lvbiI6IjEifQ==",
          "dependencies": [
            "module.application.aws_acm_certificate.cert",
            "module.application.aws_acm_certificate_validation.cert_validation",
            "module.application.aws_cloudfront_origin_access_identity.cf_oai",
            "module.application.aws_route53_record.acm_certificate_validation_records",
            "module.application.aws_route53_zone.hosted_zone",
            "module.application.aws_s3_bucket.website",
            "module.application.module.s3_logs_bucket.aws_s3_bucket.logs",
            "module.application.module.s3_logs_bucket.random_string.random"
          ]
        }
      ]
    },
    {
      "module": "module.application",
      "mode": "managed",
      "type": "aws_cloudfront_origin_access_identity",
      "name": "cf_oai",
      "provider": "provider[\"registry.terraform.io/hashicorp/aws\"]",
      "instances": [
        {
          "schema_version": 0,
          "attributes": {
            "caller_reference": "terraform-20250211154244781400000001",
            "cloudfront_access_identity_path": "origin-access-identity/cloudfront/E24SFFPODY7UO2",
            "comment": "OAI to restrict access to AWS S3 content",
            "etag": "EDNZT68EG5JT9",
            "iam_arn": "arn:aws:iam::cloudfront:user/CloudFront Origin Access Identity E24SFFPODY7UO2",
            "id": "E24SFFPODY7UO2",
            "s3_canonical_user_id": "89f44c05584ba77744a816f808f9359fee9e1a29da44fc1b9e60f323adec49916ecf077b8f499ac810720dfae2d898ec"
          },
          "sensitive_attributes": [],
          "private": "bnVsbA=="
        }
      ]
    },
    {
      "module": "module.application",
      "mode": "managed",
      "type": "aws_route53_record",
      "name": "website_cloudfront_record",
      "provider": "provider[\"registry.terraform.io/hashicorp/aws\"]",
      "instances": [
        {
          "index_key": 0,
          "schema_version": 2,
          "attributes": {
            "alias": [
              {
                "evaluate_target_health": false,
                "name": "d3m8e92medj20a.cloudfront.net",
                "zone_id": "Z2FDTNDATAQYW2"
              }
            ],
            "allow_overwrite": null,
            "cidr_routing_policy": [],
            "failover_routing_policy": [],
            "fqdn": "dev.solhealth.co",
            "geolocation_routing_policy": [],
            "geoproximity_routing_policy": [],
            "health_check_id": "",
            "id": "Z0565774GWNT1OIQP463_dev.solhealth.co_A",
            "latency_routing_policy": [],
            "multivalue_answer_routing_policy": false,
            "name": "dev.solhealth.co",
            "records": null,
            "set_identifier": "",
            "ttl": 0,
            "type": "A",
            "weighted_routing_policy": [],
            "zone_id": "Z0565774GWNT1OIQP463"
          },
          "sensitive_attributes": [],
          "private": "eyJzY2hlbWFfdmVyc2lvbiI6IjIifQ==",
          "dependencies": [
            "module.application.aws_acm_certificate.cert",
            "module.application.aws_acm_certificate_validation.cert_validation",
            "module.application.aws_cloudfront_distribution.website",
            "module.application.aws_cloudfront_origin_access_identity.cf_oai",
            "module.application.aws_route53_record.acm_certificate_validation_records",
            "module.application.aws_route53_zone.hosted_zone",
            "module.application.aws_s3_bucket.website",
            "module.application.module.s3_logs_bucket.aws_s3_bucket.logs",
            "module.application.module.s3_logs_bucket.random_string.random"
          ]
        }
      ]
    },
    {
      "module": "module.application",
      "mode": "managed",
      "type": "aws_route53_record",
      "name": "website_cloudfront_record_ipv6",
      "provider": "provider[\"registry.terraform.io/hashicorp/aws\"]",
      "instances": [
        {
          "index_key": 0,
          "schema_version": 2,
          "attributes": {
            "alias": [
              {
                "evaluate_target_health": false,
                "name": "d3m8e92medj20a.cloudfront.net",
                "zone_id": "Z2FDTNDATAQYW2"
              }
            ],
            "allow_overwrite": null,
            "cidr_routing_policy": [],
            "failover_routing_policy": [],
            "fqdn": "dev.solhealth.co",
            "geolocation_routing_policy": [],
            "geoproximity_routing_policy": [],
            "health_check_id": "",
            "id": "Z0565774GWNT1OIQP463_dev.solhealth.co_AAAA",
            "latency_routing_policy": [],
            "multivalue_answer_routing_policy": false,
            "name": "dev.solhealth.co",
            "records": null,
            "set_identifier": "",
            "ttl": 0,
            "type": "AAAA",
            "weighted_routing_policy": [],
            "zone_id": "Z0565774GWNT1OIQP463"
          },
          "sensitive_attributes": [],
          "private": "eyJzY2hlbWFfdmVyc2lvbiI6IjIifQ==",
          "dependencies": [
            "module.application.aws_acm_certificate.cert",
            "module.application.aws_acm_certificate_validation.cert_validation",
            "module.application.aws_cloudfront_distribution.website",
            "module.application.aws_cloudfront_origin_access_identity.cf_oai",
            "module.application.aws_route53_record.acm_certificate_validation_records",
            "module.application.aws_route53_zone.hosted_zone",
            "module.application.aws_s3_bucket.website",
            "module.application.module.s3_logs_bucket.aws_s3_bucket.logs",
            "module.application.module.s3_logs_bucket.random_string.random"
          ]
        }
      ]
    },
    {
      "module": "module.application",
      "mode": "managed",
      "type": "aws_s3_bucket",
      "name": "website",
      "provider": "provider[\"registry.terraform.io/hashicorp/aws\"]",
      "instances": [
        {
          "schema_version": 0,
          "attributes": {
            "acceleration_status": "",
            "acl": null,
            "arn": "arn:aws:s3:::dev.solhealth.co",
            "bucket": "dev.solhealth.co",
            "bucket_domain_name": "dev.solhealth.co.s3.amazonaws.com",
            "bucket_prefix": "",
            "bucket_regional_domain_name": "dev.solhealth.co.s3.us-east-1.amazonaws.com",
            "cors_rule": [
              {
                "allowed_headers": [
                  "Authorization",
                  "Content-Length"
                ],
                "allowed_methods": [
                  "POST",
                  "GET"
                ],
                "allowed_origins": [
                  "https://dev.solhealth.co"
                ],
                "expose_headers": [],
                "max_age_seconds": 3600
              }
            ],
            "force_destroy": false,
            "grant": [
              {
                "id": "5a61f8ea40b8d6d3a55e174d564c8a3215a3e5af3bfc85364b8ac74e63269966",
                "permissions": [
                  "FULL_CONTROL"
                ],
                "type": "CanonicalUser",
                "uri": ""
              }
            ],
            "hosted_zone_id": "Z3AQBSTGFYJSTF",
            "id": "dev.solhealth.co",
            "lifecycle_rule": [],
            "logging": [
              {
                "target_bucket": "solhealth-log-bucket-logs-bacjpua",
                "target_prefix": "website/"
              }
            ],
            "object_lock_configuration": [],
            "object_lock_enabled": false,
            "policy": "{\"Statement\":[{\"Action\":\"s3:GetObject\",\"Effect\":\"Allow\",\"Principal\":{\"AWS\":\"arn:aws:iam::cloudfront:user/CloudFront Origin Access Identity E24SFFPODY7UO2\"},\"Resource\":\"arn:aws:s3:::dev.solhealth.co/*\",\"Sid\":\"OAIAccessOnly\"}],\"Version\":\"2012-10-17\"}",
            "region": "us-east-1",
            "replication_configuration": [],
            "request_payer": "BucketOwner",
            "server_side_encryption_configuration": [
              {
                "rule": [
                  {
                    "apply_server_side_encryption_by_default": [
                      {
                        "kms_master_key_id": "",
                        "sse_algorithm": "AES256"
                      }
                    ],
                    "bucket_key_enabled": false
                  }
                ]
              }
            ],
            "tags": {
              "Application": "solhealth",
              "Environment": "dev",
              "Name": "solhealth-website",
              "Owner": "Terraform"
            },
            "tags_all": {
              "Application": "solhealth",
              "Environment": "dev",
              "Name": "solhealth-website",
              "Owner": "Terraform"
            },
            "timeouts": null,
            "versioning": [
              {
                "enabled": true,
                "mfa_delete": false
              }
            ],
            "website": [],
            "website_domain": null,
            "website_endpoint": null
          },
          "sensitive_attributes": [],
          "private": "eyJlMmJmYjczMC1lY2FhLTExZTYtOGY4OC0zNDM2M2JjN2M0YzAiOnsiY3JlYXRlIjoxMjAwMDAwMDAwMDAwLCJkZWxldGUiOjM2MDAwMDAwMDAwMDAsInJlYWQiOjEyMDAwMDAwMDAwMDAsInVwZGF0ZSI6MTIwMDAwMDAwMDAwMH19"
        }
      ]
    },
    {
      "module": "module.application",
      "mode": "managed",
      "type": "aws_s3_bucket_acl",
      "name": "website",
      "provider": "provider[\"registry.terraform.io/hashicorp/aws\"]",
      "instances": [
        {
          "schema_version": 0,
          "attributes": {
            "access_control_policy": [
              {
                "grant": [
                  {
                    "grantee": [
                      {
                        "display_name": "melinda",
                        "email_address": "",
                        "id": "5a61f8ea40b8d6d3a55e174d564c8a3215a3e5af3bfc85364b8ac74e63269966",
                        "type": "CanonicalUser",
                        "uri": ""
                      }
                    ],
                    "permission": "FULL_CONTROL"
                  }
                ],
                "owner": [
                  {
                    "display_name": "melinda",
                    "id": "5a61f8ea40b8d6d3a55e174d564c8a3215a3e5af3bfc85364b8ac74e63269966"
                  }
                ]
              }
            ],
            "acl": "private",
            "bucket": "dev.solhealth.co",
            "expected_bucket_owner": "",
            "id": "dev.solhealth.co,private"
          },
          "sensitive_attributes": [],
          "private": "bnVsbA==",
          "dependencies": [
            "module.application.aws_s3_bucket.website",
            "module.application.aws_s3_bucket_ownership_controls.website"
          ]
        }
      ]
    },
    {
      "module": "module.application",
      "mode": "managed",
      "type": "aws_s3_bucket_cors_configuration",
      "name": "website",
      "provider": "provider[\"registry.terraform.io/hashicorp/aws\"]",
      "instances": [
        {
          "schema_version": 0,
          "attributes": {
            "bucket": "dev.solhealth.co",
            "cors_rule": [
              {
                "allowed_headers": [
                  "Authorization",
                  "Content-Length"
                ],
                "allowed_methods": [
                  "GET",
                  "POST"
                ],
                "allowed_origins": [
                  "https://dev.solhealth.co"
                ],
                "expose_headers": [],
                "id": "",
                "max_age_seconds": 3600
              }
            ],
            "expected_bucket_owner": "",
            "id": "dev.solhealth.co"
          },
          "sensitive_attributes": [],
          "private": "bnVsbA==",
          "dependencies": [
            "module.application.aws_s3_bucket.website"
          ]
        }
      ]
    },
    {
      "module": "module.application",
      "mode": "managed",
      "type": "aws_s3_bucket_logging",
      "name": "website",
      "provider": "provider[\"registry.terraform.io/hashicorp/aws\"]",
      "instances": [
        {
          "schema_version": 0,
          "attributes": {
            "bucket": "dev.solhealth.co",
            "expected_bucket_owner": "",
            "id": "dev.solhealth.co",
            "target_bucket": "solhealth-log-bucket-logs-bacjpua",
            "target_grant": [],
            "target_object_key_format": [],
            "target_prefix": "website/"
          },
          "sensitive_attributes": [],
          "private": "bnVsbA==",
          "dependencies": [
            "module.application.aws_s3_bucket.website",
            "module.application.module.s3_logs_bucket.aws_s3_bucket.logs",
            "module.application.module.s3_logs_bucket.random_string.random"
          ]
        }
      ]
    },
    {
      "module": "module.application",
      "mode": "managed",
      "type": "aws_s3_bucket_ownership_controls",
      "name": "website",
      "provider": "provider[\"registry.terraform.io/hashicorp/aws\"]",
      "instances": [
        {
          "schema_version": 0,
          "attributes": {
            "bucket": "dev.solhealth.co",
            "id": "dev.solhealth.co",
            "rule": [
              {
                "object_ownership": "BucketOwnerPreferred"
              }
            ]
          },
          "sensitive_attributes": [],
          "private": "bnVsbA==",
          "dependencies": [
            "module.application.aws_s3_bucket.website"
          ]
        }
      ]
    },
    {
      "module": "module.application",
      "mode": "managed",
      "type": "aws_s3_bucket_policy",
      "name": "website",
      "provider": "provider[\"registry.terraform.io/hashicorp/aws\"]",
      "instances": [
        {
          "schema_version": 0,
          "attributes": {
            "bucket": "dev.solhealth.co",
            "id": "dev.solhealth.co",
            "policy": "{\"Statement\":[{\"Action\":\"s3:GetObject\",\"Effect\":\"Allow\",\"Principal\":{\"AWS\":\"arn:aws:iam::cloudfront:user/CloudFront Origin Access Identity E24SFFPODY7UO2\"},\"Resource\":\"arn:aws:s3:::dev.solhealth.co/*\",\"Sid\":\"OAIAccessOnly\"}],\"Version\":\"2012-10-17\"}"
          },
          "sensitive_attributes": [],
          "private": "bnVsbA==",
          "dependencies": [
            "module.application.aws_cloudfront_origin_access_identity.cf_oai",
            "module.application.aws_s3_bucket.website"
          ]
        }
      ]
    },
    {
      "module": "module.application",
      "mode": "managed",
      "type": "aws_s3_bucket_public_access_block",
      "name": "website_bucket_public_access_block",
      "provider": "provider[\"registry.terraform.io/hashicorp/aws\"]",
      "instances": [
        {
          "schema_version": 0,
          "attributes": {
            "block_public_acls": true,
            "block_public_policy": true,
            "bucket": "dev.solhealth.co",
            "id": "dev.solhealth.co",
            "ignore_public_acls": true,
            "restrict_public_buckets": true
          },
          "sensitive_attributes": [],
          "private": "bnVsbA==",
          "dependencies": [
            "module.application.aws_s3_bucket.website"
          ]
        }
      ]
    },
    {
      "module": "module.application",
      "mode": "managed",
      "type": "aws_s3_bucket_versioning",
      "name": "website",
      "provider": "provider[\"registry.terraform.io/hashicorp/aws\"]",
      "instances": [
        {
          "schema_version": 0,
          "attributes": {
            "bucket": "dev.solhealth.co",
            "expected_bucket_owner": "",
            "id": "dev.solhealth.co",
            "mfa": null,
            "versioning_configuration": [
              {
                "mfa_delete": "Disabled",
                "status": "Enabled"
              }
            ]
          },
          "sensitive_attributes": [],
          "private": "bnVsbA==",
          "dependencies": [
            "module.application.aws_s3_bucket.website"
          ]
        }
      ]
    },
    {
      "module": "module.application.module.s3_logs_bucket",
      "mode": "data",
      "type": "aws_caller_identity",
      "name": "current",
      "provider": "provider[\"registry.terraform.io/hashicorp/aws\"]",
      "instances": [
        {
          "schema_version": 0,
          "attributes": {
            "account_id": "762233746762",
            "arn": "arn:aws:iam::762233746762:user/smileev",
            "id": "762233746762",
            "user_id": "AIDA3C6FL6VFCV2VFFPL2"
          },
          "sensitive_attributes": []
        }
      ]
    },
    {
      "module": "module.application.module.s3_logs_bucket",
      "mode": "data",
      "type": "aws_iam_policy_document",
      "name": "logs_access_policy_document",
      "provider": "provider[\"registry.terraform.io/hashicorp/aws\"]",
      "instances": [
        {
          "schema_version": 0,
          "attributes": {
            "id": "1027749193",
            "json": "{\n  \"Version\": \"2012-10-17\",\n  \"Statement\": [\n    {\n      \"Effect\": \"Allow\",\n      \"Action\": \"s3:PutObject\",\n      \"Resource\": \"arn:aws:s3:::solhealth-log-bucket-logs-bacjpua/*\",\n      \"Principal\": {\n        \"AWS\": \"762233746762\"\n      }\n    },\n    {\n      \"Effect\": \"Allow\",\n      \"Action\": \"s3:GetBucketAcl\",\n      \"Resource\": \"arn:aws:s3:::solhealth-log-bucket-logs-bacjpua\",\n      \"Principal\": {\n        \"Service\": \"logdelivery.elb.amazonaws.com\"\n      }\n    },\n    {\n      \"Sid\": \"https-only\",\n      \"Effect\": \"Deny\",\n      \"Action\": \"s3:*\",\n      \"Resource\": [\n        \"arn:aws:s3:::solhealth-log-bucket-logs-bacjpua/*\",\n        \"arn:aws:s3:::solhealth-log-bucket-logs-bacjpua\"\n      ],\n      \"Principal\": \"*\",\n      \"Condition\": {\n        \"Bool\": {\n          \"aws:SecureTransport\": \"false\"\n        }\n      }\n    }\n  ]\n}",
            "minified_json": "{\"Version\":\"2012-10-17\",\"Statement\":[{\"Effect\":\"Allow\",\"Action\":\"s3:PutObject\",\"Resource\":\"arn:aws:s3:::solhealth-log-bucket-logs-bacjpua/*\",\"Principal\":{\"AWS\":\"762233746762\"}},{\"Effect\":\"Allow\",\"Action\":\"s3:GetBucketAcl\",\"Resource\":\"arn:aws:s3:::solhealth-log-bucket-logs-bacjpua\",\"Principal\":{\"Service\":\"logdelivery.elb.amazonaws.com\"}},{\"Sid\":\"https-only\",\"Effect\":\"Deny\",\"Action\":\"s3:*\",\"Resource\":[\"arn:aws:s3:::solhealth-log-bucket-logs-bacjpua/*\",\"arn:aws:s3:::solhealth-log-bucket-logs-bacjpua\"],\"Principal\":\"*\",\"Condition\":{\"Bool\":{\"aws:SecureTransport\":\"false\"}}}]}",
            "override_json": null,
            "override_policy_documents": null,
            "policy_id": null,
            "source_json": null,
            "source_policy_documents": null,
            "statement": [
              {
                "actions": [
                  "s3:PutObject"
                ],
                "condition": [],
                "effect": "Allow",
                "not_actions": [],
                "not_principals": [],
                "not_resources": [],
                "principals": [
                  {
                    "identifiers": [
                      "762233746762"
                    ],
                    "type": "AWS"
                  }
                ],
                "resources": [
                  "arn:aws:s3:::solhealth-log-bucket-logs-bacjpua/*"
                ],
                "sid": ""
              },
              {
                "actions": [
                  "s3:GetBucketAcl"
                ],
                "condition": [],
                "effect": "Allow",
                "not_actions": [],
                "not_principals": [],
                "not_resources": [],
                "principals": [
                  {
                    "identifiers": [
                      "logdelivery.elb.amazonaws.com"
                    ],
                    "type": "Service"
                  }
                ],
                "resources": [
                  "arn:aws:s3:::solhealth-log-bucket-logs-bacjpua"
                ],
                "sid": ""
              },
              {
                "actions": [
                  "s3:*"
                ],
                "condition": [
                  {
                    "test": "Bool",
                    "values": [
                      "false"
                    ],
                    "variable": "aws:SecureTransport"
                  }
                ],
                "effect": "Deny",
                "not_actions": [],
                "not_principals": [],
                "not_resources": [],
                "principals": [
                  {
                    "identifiers": [
                      "*"
                    ],
                    "type": "*"
                  }
                ],
                "resources": [
                  "arn:aws:s3:::solhealth-log-bucket-logs-bacjpua",
                  "arn:aws:s3:::solhealth-log-bucket-logs-bacjpua/*"
                ],
                "sid": "https-only"
              }
            ],
            "version": "2012-10-17"
          },
          "sensitive_attributes": []
        }
      ]
    },
    {
      "module": "module.application.module.s3_logs_bucket",
      "mode": "managed",
      "type": "aws_s3_bucket",
      "name": "logs",
      "provider": "provider[\"registry.terraform.io/hashicorp/aws\"]",
      "instances": [
        {
          "schema_version": 0,
          "attributes": {
            "acceleration_status": "",
            "acl": null,
            "arn": "arn:aws:s3:::solhealth-log-bucket-logs-bacjpua",
            "bucket": "solhealth-log-bucket-logs-bacjpua",
            "bucket_domain_name": "solhealth-log-bucket-logs-bacjpua.s3.amazonaws.com",
            "bucket_prefix": "",
            "bucket_regional_domain_name": "solhealth-log-bucket-logs-bacjpua.s3.us-east-1.amazonaws.com",
            "cors_rule": [],
            "force_destroy": false,
            "grant": [
              {
                "id": "",
                "permissions": [
                  "READ_ACP",
                  "WRITE"
                ],
                "type": "Group",
                "uri": "http://acs.amazonaws.com/groups/s3/LogDelivery"
              },
              {
                "id": "5a61f8ea40b8d6d3a55e174d564c8a3215a3e5af3bfc85364b8ac74e63269966",
                "permissions": [
                  "FULL_CONTROL"
                ],
                "type": "CanonicalUser",
                "uri": ""
              },
              {
                "id": "c4c1ede66af53448b93c283ce9448c4ba468c9432aa01d700d3878632f77d2d0",
                "permissions": [
                  "FULL_CONTROL"
                ],
                "type": "CanonicalUser",
                "uri": ""
              }
            ],
            "hosted_zone_id": "Z3AQBSTGFYJSTF",
            "id": "solhealth-log-bucket-logs-bacjpua",
            "lifecycle_rule": [],
            "logging": [],
            "object_lock_configuration": [],
            "object_lock_enabled": false,
            "policy": "{\"Statement\":[{\"Action\":\"s3:PutObject\",\"Effect\":\"Allow\",\"Principal\":{\"AWS\":\"arn:aws:iam::762233746762:root\"},\"Resource\":\"arn:aws:s3:::solhealth-log-bucket-logs-bacjpua/*\"},{\"Action\":\"s3:GetBucketAcl\",\"Effect\":\"Allow\",\"Principal\":{\"Service\":\"logdelivery.elb.amazonaws.com\"},\"Resource\":\"arn:aws:s3:::solhealth-log-bucket-logs-bacjpua\"},{\"Action\":\"s3:*\",\"Condition\":{\"Bool\":{\"aws:SecureTransport\":\"false\"}},\"Effect\":\"Deny\",\"Principal\":\"*\",\"Resource\":[\"arn:aws:s3:::solhealth-log-bucket-logs-bacjpua/*\",\"arn:aws:s3:::solhealth-log-bucket-logs-bacjpua\"],\"Sid\":\"https-only\"}],\"Version\":\"2012-10-17\"}",
            "region": "us-east-1",
            "replication_configuration": [],
            "request_payer": "BucketOwner",
            "server_side_encryption_configuration": [
              {
                "rule": [
                  {
                    "apply_server_side_encryption_by_default": [
                      {
                        "kms_master_key_id": "",
                        "sse_algorithm": "AES256"
                      }
                    ],
                    "bucket_key_enabled": false
                  }
                ]
              }
            ],
            "tags": {
              "Application": "solhealth",
              "Environment": "dev",
              "Name": "solhealth-log-bucket-logs-bacjpua",
              "Owner": "Terraform"
            },
            "tags_all": {
              "Application": "solhealth",
              "Environment": "dev",
              "Name": "solhealth-log-bucket-logs-bacjpua",
              "Owner": "Terraform"
            },
            "timeouts": null,
            "versioning": [
              {
                "enabled": false,
                "mfa_delete": false
              }
            ],
            "website": [],
            "website_domain": null,
            "website_endpoint": null
          },
          "sensitive_attributes": [],
          "private": "eyJlMmJmYjczMC1lY2FhLTExZTYtOGY4OC0zNDM2M2JjN2M0YzAiOnsiY3JlYXRlIjoxMjAwMDAwMDAwMDAwLCJkZWxldGUiOjM2MDAwMDAwMDAwMDAsInJlYWQiOjEyMDAwMDAwMDAwMDAsInVwZGF0ZSI6MTIwMDAwMDAwMDAwMH19",
          "dependencies": [
            "module.application.module.s3_logs_bucket.random_string.random"
          ]
        }
      ]
    },
    {
      "module": "module.application.module.s3_logs_bucket",
      "mode": "managed",
      "type": "aws_s3_bucket_acl",
      "name": "logs",
      "provider": "provider[\"registry.terraform.io/hashicorp/aws\"]",
      "instances": [
        {
          "schema_version": 0,
          "attributes": {
            "access_control_policy": [
              {
                "grant": [
                  {
                    "grantee": [
                      {
                        "display_name": "",
                        "email_address": "",
                        "id": "",
                        "type": "Group",
                        "uri": "http://acs.amazonaws.com/groups/s3/LogDelivery"
                      }
                    ],
                    "permission": "READ_ACP"
                  },
                  {
                    "grantee": [
                      {
                        "display_name": "",
                        "email_address": "",
                        "id": "",
                        "type": "Group",
                        "uri": "http://acs.amazonaws.com/groups/s3/LogDelivery"
                      }
                    ],
                    "permission": "WRITE"
                  },
                  {
                    "grantee": [
                      {
                        "display_name": "awslogsdelivery+s3_us-east-1",
                        "email_address": "",
                        "id": "c4c1ede66af53448b93c283ce9448c4ba468c9432aa01d700d3878632f77d2d0",
                        "type": "CanonicalUser",
                        "uri": ""
                      }
                    ],
                    "permission": "FULL_CONTROL"
                  },
                  {
                    "grantee": [
                      {
                        "display_name": "melinda",
                        "email_address": "",
                        "id": "5a61f8ea40b8d6d3a55e174d564c8a3215a3e5af3bfc85364b8ac74e63269966",
                        "type": "CanonicalUser",
                        "uri": ""
                      }
                    ],
                    "permission": "FULL_CONTROL"
                  }
                ],
                "owner": [
                  {
                    "display_name": "melinda",
                    "id": "5a61f8ea40b8d6d3a55e174d564c8a3215a3e5af3bfc85364b8ac74e63269966"
                  }
                ]
              }
            ],
            "acl": "log-delivery-write",
            "bucket": "solhealth-log-bucket-logs-bacjpua",
            "expected_bucket_owner": "",
            "id": "solhealth-log-bucket-logs-bacjpua,log-delivery-write"
          },
          "sensitive_attributes": [],
          "private": "bnVsbA==",
          "dependencies": [
            "module.application.module.s3_logs_bucket.aws_s3_bucket.logs",
            "module.application.module.s3_logs_bucket.aws_s3_bucket_ownership_controls.logs",
            "module.application.module.s3_logs_bucket.random_string.random"
          ]
        }
      ]
    },
    {
      "module": "module.application.module.s3_logs_bucket",
      "mode": "managed",
      "type": "aws_s3_bucket_ownership_controls",
      "name": "logs",
      "provider": "provider[\"registry.terraform.io/hashicorp/aws\"]",
      "instances": [
        {
          "schema_version": 0,
          "attributes": {
            "bucket": "solhealth-log-bucket-logs-bacjpua",
            "id": "solhealth-log-bucket-logs-bacjpua",
            "rule": [
              {
                "object_ownership": "BucketOwnerPreferred"
              }
            ]
          },
          "sensitive_attributes": [],
          "private": "bnVsbA==",
          "dependencies": [
            "module.application.module.s3_logs_bucket.aws_s3_bucket.logs",
            "module.application.module.s3_logs_bucket.random_string.random"
          ]
        }
      ]
    },
    {
      "module": "module.application.module.s3_logs_bucket",
      "mode": "managed",
      "type": "aws_s3_bucket_policy",
      "name": "logs_access_policy",
      "provider": "provider[\"registry.terraform.io/hashicorp/aws\"]",
      "instances": [
        {
          "schema_version": 0,
          "attributes": {
            "bucket": "solhealth-log-bucket-logs-bacjpua",
            "id": "solhealth-log-bucket-logs-bacjpua",
            "policy": "{\"Statement\":[{\"Action\":\"s3:PutObject\",\"Effect\":\"Allow\",\"Principal\":{\"AWS\":\"762233746762\"},\"Resource\":\"arn:aws:s3:::solhealth-log-bucket-logs-bacjpua/*\"},{\"Action\":\"s3:GetBucketAcl\",\"Effect\":\"Allow\",\"Principal\":{\"Service\":\"logdelivery.elb.amazonaws.com\"},\"Resource\":\"arn:aws:s3:::solhealth-log-bucket-logs-bacjpua\"},{\"Action\":\"s3:*\",\"Condition\":{\"Bool\":{\"aws:SecureTransport\":\"false\"}},\"Effect\":\"Deny\",\"Principal\":\"*\",\"Resource\":[\"arn:aws:s3:::solhealth-log-bucket-logs-bacjpua/*\",\"arn:aws:s3:::solhealth-log-bucket-logs-bacjpua\"],\"Sid\":\"https-only\"}],\"Version\":\"2012-10-17\"}"
          },
          "sensitive_attributes": [],
          "private": "bnVsbA==",
          "dependencies": [
            "module.application.module.s3_logs_bucket.aws_s3_bucket.logs",
            "module.application.module.s3_logs_bucket.data.aws_caller_identity.current",
            "module.application.module.s3_logs_bucket.data.aws_iam_policy_document.logs_access_policy_document",
            "module.application.module.s3_logs_bucket.random_string.random"
          ]
        }
      ]
    },
    {
      "module": "module.application.module.s3_logs_bucket",
      "mode": "managed",
      "type": "aws_s3_bucket_public_access_block",
      "name": "logs_block_public_access",
      "provider": "provider[\"registry.terraform.io/hashicorp/aws\"]",
      "instances": [
        {
          "index_key": 0,
          "schema_version": 0,
          "attributes": {
            "block_public_acls": true,
            "block_public_policy": true,
            "bucket": "solhealth-log-bucket-logs-bacjpua",
            "id": "solhealth-log-bucket-logs-bacjpua",
            "ignore_public_acls": true,
            "restrict_public_buckets": true
          },
          "sensitive_attributes": [],
          "private": "bnVsbA==",
          "dependencies": [
            "module.application.module.s3_logs_bucket.aws_s3_bucket.logs",
            "module.application.module.s3_logs_bucket.aws_s3_bucket_policy.logs_access_policy",
            "module.application.module.s3_logs_bucket.data.aws_caller_identity.current",
            "module.application.module.s3_logs_bucket.data.aws_iam_policy_document.logs_access_policy_document",
            "module.application.module.s3_logs_bucket.random_string.random"
          ]
        }
      ]
    },
    {
      "module": "module.application.module.s3_logs_bucket",
      "mode": "managed",
      "type": "aws_s3_bucket_server_side_encryption_configuration",
      "name": "logs",
      "provider": "provider[\"registry.terraform.io/hashicorp/aws\"]",
      "instances": [
        {
          "index_key": 0,
          "schema_version": 0,
          "attributes": {
            "bucket": "solhealth-log-bucket-logs-bacjpua",
            "expected_bucket_owner": "",
            "id": "solhealth-log-bucket-logs-bacjpua",
            "rule": [
              {
                "apply_server_side_encryption_by_default": [
                  {
                    "kms_master_key_id": "",
                    "sse_algorithm": "AES256"
                  }
                ],
                "bucket_key_enabled": false
              }
            ]
          },
          "sensitive_attributes": [],
          "private": "bnVsbA==",
          "dependencies": [
            "module.application.module.s3_logs_bucket.aws_s3_bucket.logs",
            "module.application.module.s3_logs_bucket.random_string.random"
          ]
        }
      ]
    },
    {
      "module": "module.application.module.s3_logs_bucket",
      "mode": "managed",
      "type": "random_string",
      "name": "random",
      "provider": "provider[\"registry.terraform.io/hashicorp/random\"]",
      "instances": [
        {
          "schema_version": 2,
          "attributes": {
            "id": "bacjpua",
            "keepers": {
              "name_prefix": "solhealth-log-bucket"
            },
            "length": 7,
            "lower": true,
            "min_lower": 0,
            "min_numeric": 0,
            "min_special": 0,
            "min_upper": 0,
            "number": false,
            "numeric": false,
            "override_special": null,
            "result": "bacjpua",
            "special": false,
            "upper": false
          },
          "sensitive_attributes": []
        }
      ]
    }
  ],
  "check_results": [
    {
      "object_kind": "var",
      "config_addr": "module.application.var.cloudfront_lambda_function_association",
      "status": "pass",
      "objects": [
        {
          "object_addr": "module.application.var.cloudfront_lambda_function_association",
          "status": "pass"
        }
      ]
    }
  ]
}
